<?xml version="1.0" encoding="utf-8"?>
<Project ToolsVersion="4.0" xmlns="http://schemas.microsoft.com/developer/msbuild/2003">
  <ItemGroup>
    <Filter Include="Source Files">
      <UniqueIdentifier>{73951b09-270f-4930-b172-18786e3558d7}</UniqueIdentifier>
      <Extensions>cpp;c;cxx;rc;def;r;odl;idl;hpj;bat</Extensions>
    </Filter>
    <Filter Include="Header Files">
      <UniqueIdentifier>{bb1f411e-4fa2-4601-9a41-72a14bb98fd1}</UniqueIdentifier>
      <Extensions>h;hpp;hxx;hm;inl</Extensions>
    </Filter>
    <Filter Include="Resource Files">
      <UniqueIdentifier>{18b89aeb-aa13-44f3-abd4-3f0fe3aee6d8}</UniqueIdentifier>
      <Extensions>ico;cur;bmp;dlg;rc2;rct;bin;rgs;gif;jpg;jpeg;jpe</Extensions>
    </Filter>
  </ItemGroup>
  <ItemGroup>
    <ClCompile Include="main.cpp">
      <Filter>Source Files</Filter>
    </ClCompile>
  </ItemGroup>
  <ItemGroup>
    <ResourceCompile Include="res.rc">
      <Filter>Source Files</Filter>
    </ResourceCompile>
  </ItemGroup>
  <ItemGroup>
    <Image Include="res\1.bmp">
      <Filter>Resource Files</Filter>
    </Image>
    <Image Include="res\2.bmp">
      <Filter>Resource Files</Filter>
    </Image>
    <Image Include="res\3.bmp">
      <Filter>Resource Files</Filter>
    </Image>
    <Image Include="res\4.bmp">
      <Filter>Resource Files</Filter>
    </Image>
    <Image Include="res\5.bmp">
      <Filter>Resource Files</Filter>
    </Image>
    <Image Include="res\6.bmp">
      <Filter>Resource Files</Filter>
    </Image>
    <Image Include="res\7.bmp">
      <Filter>Resource Files</Filter>
    </Image>
    <Image Include="res\8.bmp">
      <Filter>Resource Files</Filter>
    </Image>
    <Image Include="res\9.bmp">
      <Filter>Resource Files</Filter>
    </Image>
    <Image Include="res\10.bmp">
      <Filter>Resource Files</Filter>
    </Image>
    <Image Include="res\11.bmp">
      <Filter>Resource Files</Filter>
    </Image>
    <Image Include="res\12.bmp">
      <Filter>Resource Files</Filter>
    </Image>
    <Image Include="res\13.bmp">
      <Filter>Resource Files</Filter>
    </Image>
    <Image Include="res\14.bmp">
      <Filter>Resource Files</Filter>
    </Image>
    <Image Include="res\15.bmp">
      <Filter>Resource Files</Filter>
    </Image>
  </ItemGroup>
</Project>